
Microsoft Visual Studio Solution File, Format Version 12.00
# Visual Studio Version 17
VisualStudioVersion = 17.11.35327.3
MinimumVisualStudioVersion = 10.0.40219.1
Project("{9092AA53-FB77-4645-B42D-1CCCA6BD08BD}") = "terraio", "terraio\terraio.njsproj", "{A57B1178-375B-4E34-A019-EC1557DE1C66}"
EndProject
Global
	GlobalSection(SolutionConfigurationPlatforms) = preSolution
		Debug|Any CPU = Debug|Any CPU
		Release|Any CPU = Release|Any CPU
	EndGlobalSection
	GlobalSection(ProjectConfigurationPlatforms) = postSolution
		{A57B1178-375B-4E34-A019-EC1557DE1C66}.Debug|Any CPU.ActiveCfg = Debug|Any CPU
		{A57B1178-375B-4E34-A019-EC1557DE1C66}.Debug|Any CPU.Build.0 = Debug|Any CPU
		{A57B1178-375B-4E34-A019-EC1557DE1C66}.Release|Any CPU.ActiveCfg = Release|Any CPU
		{A57B1178-375B-4E34-A019-EC1557DE1C66}.Release|Any CPU.Build.0 = Release|Any CPU
	EndGlobalSection
	GlobalSection(SolutionProperties) = preSolution
		HideSolutionNode = FALSE
	EndGlobalSection
	GlobalSection(ExtensibilityGlobals) = postSolution
		SolutionGuid = {ACD31E02-6CB7-418F-AFA6-81B05405F4D4}
	EndGlobalSection
EndGlobal
